
Microsoft Visual Studio Solution File, Format Version 12.00
# Visual Studio Version 16
VisualStudioVersion = 16.0.810.5
MinimumVisualStudioVersion = 10.0.40219.1
Project("{FAE04EC0-301F-11D3-BF4B-00C04F79EFBC}") = "Task2", "Task2\Task2.csproj", "{5F286D3E-F907-4AD4-987F-657A155C65F8}"
EndProject
Global
	GlobalSection(SolutionConfigurationPlatforms) = preSolution
		Debug|Any CPU = Debug|Any CPU
		Release|Any CPU = Release|Any CPU
	EndGlobalSection
	GlobalSection(ProjectConfigurationPlatforms) = postSolution
		{5F286D3E-F907-4AD4-987F-657A155C65F8}.Debug|Any CPU.ActiveCfg = Debug|Any CPU
		{5F286D3E-F907-4AD4-987F-657A155C65F8}.Debug|Any CPU.Build.0 = Debug|Any CPU
		{5F286D3E-F907-4AD4-987F-657A155C65F8}.Release|Any CPU.ActiveCfg = Release|Any CPU
		{5F286D3E-F907-4AD4-987F-657A155C65F8}.Release|Any CPU.Build.0 = Release|Any CPU
	EndGlobalSection
	GlobalSection(SolutionProperties) = preSolution
		HideSolutionNode = FALSE
	EndGlobalSection
	GlobalSection(ExtensibilityGlobals) = postSolution
		SolutionGuid = {98C7D44B-3B16-4068-BC52-B76988321C7A}
	EndGlobalSection
EndGlobal
